
Microsoft Visual Studio Solution File, Format Version 12.00
# Visual Studio Version 17
VisualStudioVersion = 17.9.34622.214
MinimumVisualStudioVersion = 10.0.40219.1
Project("{FAE04EC0-301F-11D3-BF4B-00C04F79EFBC}") = "WebAPI_ShopTech_PV321", "WebAPI_ShopTech_PV321\WebAPI_ShopTech_PV321.csproj", "{356E1FC7-A381-4FAC-AE5C-0B19FDB796C4}"
EndProject
Project("{FAE04EC0-301F-11D3-BF4B-00C04F79EFBC}") = "WebAPI_ShopTech_PV321.Core", "WebAPI_ShopTech_PV321.Core\WebAPI_ShopTech_PV321.Core.csproj", "{5DD7A5EC-9E51-45DD-B142-B48BEE224C3B}"
EndProject
Project("{FAE04EC0-301F-11D3-BF4B-00C04F79EFBC}") = "WebAPI_ShopTech_PV321.Infrastructure", "WebAPI_ShopTech_PV321.Infrastructure\WebAPI_ShopTech_PV321.Infrastructure.csproj", "{F758A250-5BC5-4655-BF41-52C579938C45}"
EndProject
Global
	GlobalSection(SolutionConfigurationPlatforms) = preSolution
		Debug|Any CPU = Debug|Any CPU
		Release|Any CPU = Release|Any CPU
	EndGlobalSection
	GlobalSection(ProjectConfigurationPlatforms) = postSolution
		{356E1FC7-A381-4FAC-AE5C-0B19FDB796C4}.Debug|Any CPU.ActiveCfg = Debug|Any CPU
		{356E1FC7-A381-4FAC-AE5C-0B19FDB796C4}.Debug|Any CPU.Build.0 = Debug|Any CPU
		{356E1FC7-A381-4FAC-AE5C-0B19FDB796C4}.Release|Any CPU.ActiveCfg = Release|Any CPU
		{356E1FC7-A381-4FAC-AE5C-0B19FDB796C4}.Release|Any CPU.Build.0 = Release|Any CPU
		{5DD7A5EC-9E51-45DD-B142-B48BEE224C3B}.Debug|Any CPU.ActiveCfg = Debug|Any CPU
		{5DD7A5EC-9E51-45DD-B142-B48BEE224C3B}.Debug|Any CPU.Build.0 = Debug|Any CPU
		{5DD7A5EC-9E51-45DD-B142-B48BEE224C3B}.Release|Any CPU.ActiveCfg = Release|Any CPU
		{5DD7A5EC-9E51-45DD-B142-B48BEE224C3B}.Release|Any CPU.Build.0 = Release|Any CPU
		{F758A250-5BC5-4655-BF41-52C579938C45}.Debug|Any CPU.ActiveCfg = Debug|Any CPU
		{F758A250-5BC5-4655-BF41-52C579938C45}.Debug|Any CPU.Build.0 = Debug|Any CPU
		{F758A250-5BC5-4655-BF41-52C579938C45}.Release|Any CPU.ActiveCfg = Release|Any CPU
		{F758A250-5BC5-4655-BF41-52C579938C45}.Release|Any CPU.Build.0 = Release|Any CPU
	EndGlobalSection
	GlobalSection(SolutionProperties) = preSolution
		HideSolutionNode = FALSE
	EndGlobalSection
	GlobalSection(ExtensibilityGlobals) = postSolution
		SolutionGuid = {FD59AF44-9341-479A-A04A-396322189C38}
	EndGlobalSection
EndGlobal
